
Microsoft Visual Studio Solution File, Format Version 12.00
# Visual Studio 14
VisualStudioVersion = 14.0.25420.1
MinimumVisualStudioVersion = 10.0.40219.1
Project("{FAE04EC0-301F-11D3-BF4B-00C04F79EFBC}") = "mxtrAutomation.Websites.Platform", "mxtrAutomation.Websites.Platform\mxtrAutomation.Websites.Platform.csproj", "{917391F4-A11D-4BED-9A8B-56D46BC6A7B3}"
	ProjectSection(ProjectDependencies) = postProject
		{4510EF12-C630-42B2-B1B6-48A3E94AC06A} = {4510EF12-C630-42B2-B1B6-48A3E94AC06A}
		{3F18F2AD-819F-477E-9655-8FAB980D4E66} = {3F18F2AD-819F-477E-9655-8FAB980D4E66}
	EndProjectSection
EndProject
Project("{FAE04EC0-301F-11D3-BF4B-00C04F79EFBC}") = "mxtrAutomation.Websites.Platform.Tests", "mxtrAutomation.Websites.Platform.Tests\mxtrAutomation.Websites.Platform.Tests.csproj", "{9E9676D8-BF50-486D-BF7B-FC3A3B929EC5}"
EndProject
Project("{FAE04EC0-301F-11D3-BF4B-00C04F79EFBC}") = "mxtrAutomation.Common", "..\Projects\mxtrAutomation.Common\mxtrAutomation.Common.csproj", "{257EF99B-AB79-4B09-B720-47DE2B400809}"
EndProject
Project("{FAE04EC0-301F-11D3-BF4B-00C04F79EFBC}") = "mxtrAutomation.Data", "..\Projects\mxtrAutomation.Data\mxtrAutomation.Data.csproj", "{C47E5BA4-4D1F-423F-8CEE-5803AE15475F}"
EndProject
Project("{FAE04EC0-301F-11D3-BF4B-00C04F79EFBC}") = "mxtrAutomation.Web.Common", "..\Projects\mxtrAutomation.Web.Common\mxtrAutomation.Web.Common.csproj", "{077CB92A-235F-4C47-9838-03210B6DE6DC}"
	ProjectSection(ProjectDependencies) = postProject
		{257EF99B-AB79-4B09-B720-47DE2B400809} = {257EF99B-AB79-4B09-B720-47DE2B400809}
	EndProjectSection
EndProject
Project("{FAE04EC0-301F-11D3-BF4B-00C04F79EFBC}") = "mxtrAutomation.Corporate.Data", "..\Projects\mxtrAutomation.Corporate.Data\mxtrAutomation.Corporate.Data.csproj", "{4510EF12-C630-42B2-B1B6-48A3E94AC06A}"
	ProjectSection(ProjectDependencies) = postProject
		{257EF99B-AB79-4B09-B720-47DE2B400809} = {257EF99B-AB79-4B09-B720-47DE2B400809}
		{C47E5BA4-4D1F-423F-8CEE-5803AE15475F} = {C47E5BA4-4D1F-423F-8CEE-5803AE15475F}
	EndProjectSection
EndProject
Project("{FAE04EC0-301F-11D3-BF4B-00C04F79EFBC}") = "mxtrAutomation.Api", "..\Projects\mxtrAutomation.Api\mxtrAutomation.Api.csproj", "{47518546-4925-4926-B65B-93DC6C5D646B}"
	ProjectSection(ProjectDependencies) = postProject
		{077CB92A-235F-4C47-9838-03210B6DE6DC} = {077CB92A-235F-4C47-9838-03210B6DE6DC}
		{257EF99B-AB79-4B09-B720-47DE2B400809} = {257EF99B-AB79-4B09-B720-47DE2B400809}
	EndProjectSection
EndProject
Project("{FAE04EC0-301F-11D3-BF4B-00C04F79EFBC}") = "mxtrAutomation.GoogleAnalytics", "..\Apps\mxtrAutomation.Miners\mxtrAutomation.GoogleAnalytics\mxtrAutomation.GoogleAnalytics.csproj", "{C3DC1A30-AC90-4492-899E-BD5972A5C9B6}"
EndProject
Project("{FAE04EC0-301F-11D3-BF4B-00C04F79EFBC}") = "mxtrAutomation.Sharpspring", "..\Apps\mxtrAutomation.Miners\mxtrAutomation.Sharpspring\mxtrAutomation.Sharpspring.csproj", "{F1BA28C3-ACBD-43E5-9BA4-64CA4552C78D}"
EndProject
Project("{FAE04EC0-301F-11D3-BF4B-00C04F79EFBC}") = "mxtrAutomation.Bullseye", "..\Apps\mxtrAutomation.Miners\mxtrAutomation.Bullseye\mxtrAutomation.Bullseye.csproj", "{33195E68-E5F5-4672-837F-4398A7F5EBB4}"
EndProject
Project("{FAE04EC0-301F-11D3-BF4B-00C04F79EFBC}") = "mxtrAutomation.EZShred", "..\Apps\mxtrAutomation.Miners\mxtrAutomation.EZShred\mxtrAutomation.EZShred.csproj", "{C502EFB5-BA88-4CDA-80A7-6A52E85D46A7}"
EndProject
Project("{FAE04EC0-301F-11D3-BF4B-00C04F79EFBC}") = "mxtrAutomation.Config", "..\Projects\mxtrAutomation.Config\mxtrAutomation.Config.csproj", "{3F18F2AD-819F-477E-9655-8FAB980D4E66}"
	ProjectSection(ProjectDependencies) = postProject
		{47518546-4925-4926-B65B-93DC6C5D646B} = {47518546-4925-4926-B65B-93DC6C5D646B}
	EndProjectSection
EndProject
Project("{FAE04EC0-301F-11D3-BF4B-00C04F79EFBC}") = "mxtrAutomation.ShawKPI.Sharpspring", "..\Apps\mxtrAutomation.Miners\mxtrAutomation.ShawKPI.Sharpspring\mxtrAutomation.ShawKPI.Sharpspring.csproj", "{EC3BCA94-2A7E-42D3-A201-44C6230618B0}"
EndProject
Global
	GlobalSection(SolutionConfigurationPlatforms) = preSolution
		Debug|Any CPU = Debug|Any CPU
		Release|Any CPU = Release|Any CPU
	EndGlobalSection
	GlobalSection(ProjectConfigurationPlatforms) = postSolution
		{917391F4-A11D-4BED-9A8B-56D46BC6A7B3}.Debug|Any CPU.ActiveCfg = Debug|Any CPU
		{917391F4-A11D-4BED-9A8B-56D46BC6A7B3}.Debug|Any CPU.Build.0 = Debug|Any CPU
		{917391F4-A11D-4BED-9A8B-56D46BC6A7B3}.Release|Any CPU.ActiveCfg = Release|Any CPU
		{917391F4-A11D-4BED-9A8B-56D46BC6A7B3}.Release|Any CPU.Build.0 = Release|Any CPU
		{9E9676D8-BF50-486D-BF7B-FC3A3B929EC5}.Debug|Any CPU.ActiveCfg = Debug|Any CPU
		{9E9676D8-BF50-486D-BF7B-FC3A3B929EC5}.Debug|Any CPU.Build.0 = Debug|Any CPU
		{9E9676D8-BF50-486D-BF7B-FC3A3B929EC5}.Release|Any CPU.ActiveCfg = Release|Any CPU
		{9E9676D8-BF50-486D-BF7B-FC3A3B929EC5}.Release|Any CPU.Build.0 = Release|Any CPU
		{257EF99B-AB79-4B09-B720-47DE2B400809}.Debug|Any CPU.ActiveCfg = Debug|Any CPU
		{257EF99B-AB79-4B09-B720-47DE2B400809}.Debug|Any CPU.Build.0 = Debug|Any CPU
		{257EF99B-AB79-4B09-B720-47DE2B400809}.Release|Any CPU.ActiveCfg = Release|Any CPU
		{257EF99B-AB79-4B09-B720-47DE2B400809}.Release|Any CPU.Build.0 = Release|Any CPU
		{C47E5BA4-4D1F-423F-8CEE-5803AE15475F}.Debug|Any CPU.ActiveCfg = Debug|Any CPU
		{C47E5BA4-4D1F-423F-8CEE-5803AE15475F}.Debug|Any CPU.Build.0 = Debug|Any CPU
		{C47E5BA4-4D1F-423F-8CEE-5803AE15475F}.Release|Any CPU.ActiveCfg = Release|Any CPU
		{C47E5BA4-4D1F-423F-8CEE-5803AE15475F}.Release|Any CPU.Build.0 = Release|Any CPU
		{077CB92A-235F-4C47-9838-03210B6DE6DC}.Debug|Any CPU.ActiveCfg = Debug|Any CPU
		{077CB92A-235F-4C47-9838-03210B6DE6DC}.Debug|Any CPU.Build.0 = Debug|Any CPU
		{077CB92A-235F-4C47-9838-03210B6DE6DC}.Release|Any CPU.ActiveCfg = Release|Any CPU
		{077CB92A-235F-4C47-9838-03210B6DE6DC}.Release|Any CPU.Build.0 = Release|Any CPU
		{4510EF12-C630-42B2-B1B6-48A3E94AC06A}.Debug|Any CPU.ActiveCfg = Debug|Any CPU
		{4510EF12-C630-42B2-B1B6-48A3E94AC06A}.Debug|Any CPU.Build.0 = Debug|Any CPU
		{4510EF12-C630-42B2-B1B6-48A3E94AC06A}.Release|Any CPU.ActiveCfg = Release|Any CPU
		{4510EF12-C630-42B2-B1B6-48A3E94AC06A}.Release|Any CPU.Build.0 = Release|Any CPU
		{47518546-4925-4926-B65B-93DC6C5D646B}.Debug|Any CPU.ActiveCfg = Debug|Any CPU
		{47518546-4925-4926-B65B-93DC6C5D646B}.Debug|Any CPU.Build.0 = Debug|Any CPU
		{47518546-4925-4926-B65B-93DC6C5D646B}.Release|Any CPU.ActiveCfg = Release|Any CPU
		{47518546-4925-4926-B65B-93DC6C5D646B}.Release|Any CPU.Build.0 = Release|Any CPU
		{C3DC1A30-AC90-4492-899E-BD5972A5C9B6}.Debug|Any CPU.ActiveCfg = Debug|Any CPU
		{C3DC1A30-AC90-4492-899E-BD5972A5C9B6}.Debug|Any CPU.Build.0 = Debug|Any CPU
		{C3DC1A30-AC90-4492-899E-BD5972A5C9B6}.Release|Any CPU.ActiveCfg = Release|Any CPU
		{C3DC1A30-AC90-4492-899E-BD5972A5C9B6}.Release|Any CPU.Build.0 = Release|Any CPU
		{F1BA28C3-ACBD-43E5-9BA4-64CA4552C78D}.Debug|Any CPU.ActiveCfg = Debug|Any CPU
		{F1BA28C3-ACBD-43E5-9BA4-64CA4552C78D}.Debug|Any CPU.Build.0 = Debug|Any CPU
		{F1BA28C3-ACBD-43E5-9BA4-64CA4552C78D}.Release|Any CPU.ActiveCfg = Release|Any CPU
		{F1BA28C3-ACBD-43E5-9BA4-64CA4552C78D}.Release|Any CPU.Build.0 = Release|Any CPU
		{33195E68-E5F5-4672-837F-4398A7F5EBB4}.Debug|Any CPU.ActiveCfg = Debug|Any CPU
		{33195E68-E5F5-4672-837F-4398A7F5EBB4}.Debug|Any CPU.Build.0 = Debug|Any CPU
		{33195E68-E5F5-4672-837F-4398A7F5EBB4}.Release|Any CPU.ActiveCfg = Release|Any CPU
		{33195E68-E5F5-4672-837F-4398A7F5EBB4}.Release|Any CPU.Build.0 = Release|Any CPU
		{C502EFB5-BA88-4CDA-80A7-6A52E85D46A7}.Debug|Any CPU.ActiveCfg = Debug|Any CPU
		{C502EFB5-BA88-4CDA-80A7-6A52E85D46A7}.Debug|Any CPU.Build.0 = Debug|Any CPU
		{C502EFB5-BA88-4CDA-80A7-6A52E85D46A7}.Release|Any CPU.ActiveCfg = Release|Any CPU
		{C502EFB5-BA88-4CDA-80A7-6A52E85D46A7}.Release|Any CPU.Build.0 = Release|Any CPU
		{3F18F2AD-819F-477E-9655-8FAB980D4E66}.Debug|Any CPU.ActiveCfg = Debug|Any CPU
		{3F18F2AD-819F-477E-9655-8FAB980D4E66}.Debug|Any CPU.Build.0 = Debug|Any CPU
		{3F18F2AD-819F-477E-9655-8FAB980D4E66}.Release|Any CPU.ActiveCfg = Release|Any CPU
		{3F18F2AD-819F-477E-9655-8FAB980D4E66}.Release|Any CPU.Build.0 = Release|Any CPU
		{EC3BCA94-2A7E-42D3-A201-44C6230618B0}.Debug|Any CPU.ActiveCfg = Debug|Any CPU
		{EC3BCA94-2A7E-42D3-A201-44C6230618B0}.Debug|Any CPU.Build.0 = Debug|Any CPU
		{EC3BCA94-2A7E-42D3-A201-44C6230618B0}.Release|Any CPU.ActiveCfg = Release|Any CPU
		{EC3BCA94-2A7E-42D3-A201-44C6230618B0}.Release|Any CPU.Build.0 = Release|Any CPU
	EndGlobalSection
	GlobalSection(SolutionProperties) = preSolution
		HideSolutionNode = FALSE
	EndGlobalSection
EndGlobal
