
Microsoft Visual Studio Solution File, Format Version 12.00
# Visual Studio 2012
Project("{FAE04EC0-301F-11D3-BF4B-00C04F79EFBC}") = "mxtrAutomation.Api", "mxtrAutomation.Api.csproj", "{47518546-4925-4926-B65B-93DC6C5D646B}"
EndProject
Global
	GlobalSection(SolutionConfigurationPlatforms) = preSolution
		Debug|Any CPU = Debug|Any CPU
		Release|Any CPU = Release|Any CPU
	EndGlobalSection
	GlobalSection(ProjectConfigurationPlatforms) = postSolution
		{47518546-4925-4926-B65B-93DC6C5D646B}.Debug|Any CPU.ActiveCfg = Debug|Any CPU
		{47518546-4925-4926-B65B-93DC6C5D646B}.Debug|Any CPU.Build.0 = Debug|Any CPU
		{47518546-4925-4926-B65B-93DC6C5D646B}.Release|Any CPU.ActiveCfg = Release|Any CPU
		{47518546-4925-4926-B65B-93DC6C5D646B}.Release|Any CPU.Build.0 = Release|Any CPU
	EndGlobalSection
	GlobalSection(SolutionProperties) = preSolution
		HideSolutionNode = FALSE
	EndGlobalSection
EndGlobal
