
Microsoft Visual Studio Solution File, Format Version 12.00
# Visual Studio 2012
Project("{FAE04EC0-301F-11D3-BF4B-00C04F79EFBC}") = "mxtrAutomation.Corporate.Data", "mxtrAutomation.Corporate.Data.csproj", "{4510EF12-C630-42B2-B1B6-48A3E94AC06A}"
EndProject
Global
	GlobalSection(SolutionConfigurationPlatforms) = preSolution
		Debug|Any CPU = Debug|Any CPU
		Release|Any CPU = Release|Any CPU
	EndGlobalSection
	GlobalSection(ProjectConfigurationPlatforms) = postSolution
		{4510EF12-C630-42B2-B1B6-48A3E94AC06A}.Debug|Any CPU.ActiveCfg = Debug|Any CPU
		{4510EF12-C630-42B2-B1B6-48A3E94AC06A}.Debug|Any CPU.Build.0 = Debug|Any CPU
		{4510EF12-C630-42B2-B1B6-48A3E94AC06A}.Release|Any CPU.ActiveCfg = Release|Any CPU
		{4510EF12-C630-42B2-B1B6-48A3E94AC06A}.Release|Any CPU.Build.0 = Release|Any CPU
	EndGlobalSection
	GlobalSection(SolutionProperties) = preSolution
		HideSolutionNode = FALSE
	EndGlobalSection
EndGlobal
